
Microsoft Visual Studio Solution File, Format Version 12.00
# Visual Studio Version 17
VisualStudioVersion = 17.12.35728.132 d17.12
MinimumVisualStudioVersion = 10.0.40219.1
Project("{FAE04EC0-301F-11D3-BF4B-00C04F79EFBC}") = "MAUI", "MAUI\MAUI.csproj", "{DAC0BECD-AD8B-41FB-967C-C214A56F2027}"
EndProject
Project("{FAE04EC0-301F-11D3-BF4B-00C04F79EFBC}") = "DAL", "DAL\DAL.csproj", "{CD30161C-D245-4CDB-9DB3-8DA079FBC146}"
EndProject
Project("{FAE04EC0-301F-11D3-BF4B-00C04F79EFBC}") = "ENT", "ENT\ENT.csproj", "{E39F0B9D-5FE2-4700-B974-D498718E497D}"
EndProject
Project("{FAE04EC0-301F-11D3-BF4B-00C04F79EFBC}") = "BL", "BL\BL.csproj", "{5A6F64EB-F435-4C72-8895-37FD9A45AC28}"
EndProject
Global
	GlobalSection(SolutionConfigurationPlatforms) = preSolution
		Debug|Any CPU = Debug|Any CPU
		Release|Any CPU = Release|Any CPU
	EndGlobalSection
	GlobalSection(ProjectConfigurationPlatforms) = postSolution
		{DAC0BECD-AD8B-41FB-967C-C214A56F2027}.Debug|Any CPU.ActiveCfg = Debug|Any CPU
		{DAC0BECD-AD8B-41FB-967C-C214A56F2027}.Debug|Any CPU.Build.0 = Debug|Any CPU
		{DAC0BECD-AD8B-41FB-967C-C214A56F2027}.Debug|Any CPU.Deploy.0 = Debug|Any CPU
		{DAC0BECD-AD8B-41FB-967C-C214A56F2027}.Release|Any CPU.ActiveCfg = Release|Any CPU
		{DAC0BECD-AD8B-41FB-967C-C214A56F2027}.Release|Any CPU.Build.0 = Release|Any CPU
		{DAC0BECD-AD8B-41FB-967C-C214A56F2027}.Release|Any CPU.Deploy.0 = Release|Any CPU
		{CD30161C-D245-4CDB-9DB3-8DA079FBC146}.Debug|Any CPU.ActiveCfg = Debug|Any CPU
		{CD30161C-D245-4CDB-9DB3-8DA079FBC146}.Debug|Any CPU.Build.0 = Debug|Any CPU
		{CD30161C-D245-4CDB-9DB3-8DA079FBC146}.Release|Any CPU.ActiveCfg = Release|Any CPU
		{CD30161C-D245-4CDB-9DB3-8DA079FBC146}.Release|Any CPU.Build.0 = Release|Any CPU
		{E39F0B9D-5FE2-4700-B974-D498718E497D}.Debug|Any CPU.ActiveCfg = Debug|Any CPU
		{E39F0B9D-5FE2-4700-B974-D498718E497D}.Debug|Any CPU.Build.0 = Debug|Any CPU
		{E39F0B9D-5FE2-4700-B974-D498718E497D}.Release|Any CPU.ActiveCfg = Release|Any CPU
		{E39F0B9D-5FE2-4700-B974-D498718E497D}.Release|Any CPU.Build.0 = Release|Any CPU
		{5A6F64EB-F435-4C72-8895-37FD9A45AC28}.Debug|Any CPU.ActiveCfg = Debug|Any CPU
		{5A6F64EB-F435-4C72-8895-37FD9A45AC28}.Debug|Any CPU.Build.0 = Debug|Any CPU
		{5A6F64EB-F435-4C72-8895-37FD9A45AC28}.Release|Any CPU.ActiveCfg = Release|Any CPU
		{5A6F64EB-F435-4C72-8895-37FD9A45AC28}.Release|Any CPU.Build.0 = Release|Any CPU
	EndGlobalSection
	GlobalSection(SolutionProperties) = preSolution
		HideSolutionNode = FALSE
	EndGlobalSection
EndGlobal
